// !$*UTF8*$!
{
	archiveVersion = 1;
	classes = {
	};
	objectVersion = 56;
	objects = {

/* Begin PBXBuildFile section */
		A716759B2B1FBBA60067399D /* UserModel.swift in Sources */ = {isa = PBXBuildFile; fileRef = A716759A2B1FBBA60067399D /* UserModel.swift */; };
		A716759E2B1FBBB90067399D /* Webservice.swift in Sources */ = {isa = PBXBuildFile; fileRef = A716759D2B1FBBB90067399D /* Webservice.swift */; };
		A71675A12B1FC0410067399D /* UserViewModel.swift in Sources */ = {isa = PBXBuildFile; fileRef = A71675A02B1FC0410067399D /* UserViewModel.swift */; };
		A71675A32B1FC0D70067399D /* UserListViewModel.swift in Sources */ = {isa = PBXBuildFile; fileRef = A71675A22B1FC0D70067399D /* UserListViewModel.swift */; };
		A71675A62B1FC2010067399D /* Constants.swift in Sources */ = {isa = PBXBuildFile; fileRef = A71675A52B1FC2010067399D /* Constants.swift */; };
		A71675A92B1FC61F0067399D /* users.json in Resources */ = {isa = PBXBuildFile; fileRef = A71675A82B1FC61F0067399D /* users.json */; };
		A71675AB2B1FC6430067399D /* LocalService.swift in Sources */ = {isa = PBXBuildFile; fileRef = A71675AA2B1FC6430067399D /* LocalService.swift */; };
		A71675AD2B1FCBD10067399D /* NerworkService.swift in Sources */ = {isa = PBXBuildFile; fileRef = A71675AC2B1FCBD10067399D /* NerworkService.swift */; };
		A771BD332B1F876C00356C23 /* INSApp.swift in Sources */ = {isa = PBXBuildFile; fileRef = A771BD322B1F876C00356C23 /* INSApp.swift */; };
		A771BD352B1F876C00356C23 /* ContentView.swift in Sources */ = {isa = PBXBuildFile; fileRef = A771BD342B1F876C00356C23 /* ContentView.swift */; };
		A771BD372B1F876D00356C23 /* Assets.xcassets in Resources */ = {isa = PBXBuildFile; fileRef = A771BD362B1F876D00356C23 /* Assets.xcassets */; };
		A771BD3A2B1F876D00356C23 /* Preview Assets.xcassets in Resources */ = {isa = PBXBuildFile; fileRef = A771BD392B1F876D00356C23 /* Preview Assets.xcassets */; };
/* End PBXBuildFile section */

/* Begin PBXFileReference section */
		A716759A2B1FBBA60067399D /* UserModel.swift */ = {isa = PBXFileReference; lastKnownFileType = sourcecode.swift; path = UserModel.swift; sourceTree = "<group>"; };
		A716759D2B1FBBB90067399D /* Webservice.swift */ = {isa = PBXFileReference; lastKnownFileType = sourcecode.swift; path = Webservice.swift; sourceTree = "<group>"; };
		A71675A02B1FC0410067399D /* UserViewModel.swift */ = {isa = PBXFileReference; lastKnownFileType = sourcecode.swift; path = UserViewModel.swift; sourceTree = "<group>"; };
		A71675A22B1FC0D70067399D /* UserListViewModel.swift */ = {isa = PBXFileReference; lastKnownFileType = sourcecode.swift; path = UserListViewModel.swift; sourceTree = "<group>"; };
		A71675A52B1FC2010067399D /* Constants.swift */ = {isa = PBXFileReference; lastKnownFileType = sourcecode.swift; path = Constants.swift; sourceTree = "<group>"; };
		A71675A82B1FC61F0067399D /* users.json */ = {isa = PBXFileReference; fileEncoding = 4; lastKnownFileType = text.json; path = users.json; sourceTree = "<group>"; };
		A71675AA2B1FC6430067399D /* LocalService.swift */ = {isa = PBXFileReference; lastKnownFileType = sourcecode.swift; path = LocalService.swift; sourceTree = "<group>"; };
		A71675AC2B1FCBD10067399D /* NerworkService.swift */ = {isa = PBXFileReference; lastKnownFileType = sourcecode.swift; path = NerworkService.swift; sourceTree = "<group>"; };
		A771BD2F2B1F876C00356C23 /* INS.app */ = {isa = PBXFileReference; explicitFileType = wrapper.application; includeInIndex = 0; path = INS.app; sourceTree = BUILT_PRODUCTS_DIR; };
		A771BD322B1F876C00356C23 /* INSApp.swift */ = {isa = PBXFileReference; lastKnownFileType = sourcecode.swift; path = INSApp.swift; sourceTree = "<group>"; };
		A771BD342B1F876C00356C23 /* ContentView.swift */ = {isa = PBXFileReference; lastKnownFileType = sourcecode.swift; path = ContentView.swift; sourceTree = "<group>"; };
		A771BD362B1F876D00356C23 /* Assets.xcassets */ = {isa = PBXFileReference; lastKnownFileType = folder.assetcatalog; path = Assets.xcassets; sourceTree = "<group>"; };
		A771BD392B1F876D00356C23 /* Preview Assets.xcassets */ = {isa = PBXFileReference; lastKnownFileType = folder.assetcatalog; path = "Preview Assets.xcassets"; sourceTree = "<group>"; };
/* End PBXFileReference section */

/* Begin PBXFrameworksBuildPhase section */
		A771BD2C2B1F876C00356C23 /* Frameworks */ = {
			isa = PBXFrameworksBuildPhase;
			buildActionMask = 2147483647;
			files = (
			);
			runOnlyForDeploymentPostprocessing = 0;
		};
/* End PBXFrameworksBuildPhase section */

/* Begin PBXGroup section */
		A71675992B1FBB900067399D /* Model */ = {
			isa = PBXGroup;
			children = (
				A716759A2B1FBBA60067399D /* UserModel.swift */,
			);
			path = Model;
			sourceTree = "<group>";
		};
		A716759C2B1FBBAA0067399D /* Service */ = {
			isa = PBXGroup;
			children = (
				A716759D2B1FBBB90067399D /* Webservice.swift */,
				A71675AA2B1FC6430067399D /* LocalService.swift */,
				A71675AC2B1FCBD10067399D /* NerworkService.swift */,
			);
			path = Service;
			sourceTree = "<group>";
		};
		A716759F2B1FBBC00067399D /* ViewModel */ = {
			isa = PBXGroup;
			children = (
				A71675A02B1FC0410067399D /* UserViewModel.swift */,
				A71675A22B1FC0D70067399D /* UserListViewModel.swift */,
			);
			path = ViewModel;
			sourceTree = "<group>";
		};
		A71675A42B1FC1F10067399D /* Constants */ = {
			isa = PBXGroup;
			children = (
				A71675A52B1FC2010067399D /* Constants.swift */,
			);
			path = Constants;
			sourceTree = "<group>";
		};
		A71675A72B1FC37E0067399D /* View */ = {
			isa = PBXGroup;
			children = (
				A771BD322B1F876C00356C23 /* INSApp.swift */,
				A771BD342B1F876C00356C23 /* ContentView.swift */,
			);
			path = View;
			sourceTree = "<group>";
		};
		A771BD262B1F876C00356C23 = {
			isa = PBXGroup;
			children = (
				A771BD312B1F876C00356C23 /* INS */,
				A771BD302B1F876C00356C23 /* Products */,
			);
			sourceTree = "<group>";
		};
		A771BD302B1F876C00356C23 /* Products */ = {
			isa = PBXGroup;
			children = (
				A771BD2F2B1F876C00356C23 /* INS.app */,
			);
			name = Products;
			sourceTree = "<group>";
		};
		A771BD312B1F876C00356C23 /* INS */ = {
			isa = PBXGroup;
			children = (
				A71675A72B1FC37E0067399D /* View */,
				A71675A42B1FC1F10067399D /* Constants */,
				A716759F2B1FBBC00067399D /* ViewModel */,
				A716759C2B1FBBAA0067399D /* Service */,
				A71675992B1FBB900067399D /* Model */,
				A71675A82B1FC61F0067399D /* users.json */,
				A771BD362B1F876D00356C23 /* Assets.xcassets */,
				A771BD382B1F876D00356C23 /* Preview Content */,
			);
			path = INS;
			sourceTree = "<group>";
		};
		A771BD382B1F876D00356C23 /* Preview Content */ = {
			isa = PBXGroup;
			children = (
				A771BD392B1F876D00356C23 /* Preview Assets.xcassets */,
			);
			path = "Preview Content";
			sourceTree = "<group>";
		};
/* End PBXGroup section */

/* Begin PBXNativeTarget section */
		A771BD2E2B1F876C00356C23 /* INS */ = {
			isa = PBXNativeTarget;
			buildConfigurationList = A771BD3D2B1F876D00356C23 /* Build configuration list for PBXNativeTarget "INS" */;
			buildPhases = (
				A771BD2B2B1F876C00356C23 /* Sources */,
				A771BD2C2B1F876C00356C23 /* Frameworks */,
				A771BD2D2B1F876C00356C23 /* Resources */,
			);
			buildRules = (
			);
			dependencies = (
			);
			name = INS;
			productName = INS;
			productReference = A771BD2F2B1F876C00356C23 /* INS.app */;
			productType = "com.apple.product-type.application";
		};
/* End PBXNativeTarget section */

/* Begin PBXProject section */
		A771BD272B1F876C00356C23 /* Project object */ = {
			isa = PBXProject;
			attributes = {
				BuildIndependentTargetsInParallel = 1;
				LastSwiftUpdateCheck = 1430;
				LastUpgradeCheck = 1430;
				TargetAttributes = {
					A771BD2E2B1F876C00356C23 = {
						CreatedOnToolsVersion = 14.3;
					};
				};
			};
			buildConfigurationList = A771BD2A2B1F876C00356C23 /* Build configuration list for PBXProject "INS" */;
			compatibilityVersion = "Xcode 14.0";
			developmentRegion = en;
			hasScannedForEncodings = 0;
			knownRegions = (
				en,
				Base,
			);
			mainGroup = A771BD262B1F876C00356C23;
			productRefGroup = A771BD302B1F876C00356C23 /* Products */;
			projectDirPath = "";
			projectRoot = "";
			targets = (
				A771BD2E2B1F876C00356C23 /* INS */,
			);
		};
/* End PBXProject section */

/* Begin PBXResourcesBuildPhase section */
		A771BD2D2B1F876C00356C23 /* Resources */ = {
			isa = PBXResourcesBuildPhase;
			buildActionMask = 2147483647;
			files = (
				A71675A92B1FC61F0067399D /* users.json in Resources */,
				A771BD3A2B1F876D00356C23 /* Preview Assets.xcassets in Resources */,
				A771BD372B1F876D00356C23 /* Assets.xcassets in Resources */,
			);
			runOnlyForDeploymentPostprocessing = 0;
		};
/* End PBXResourcesBuildPhase section */

/* Begin PBXSourcesBuildPhase section */
		A771BD2B2B1F876C00356C23 /* Sources */ = {
			isa = PBXSourcesBuildPhase;
			buildActionMask = 2147483647;
			files = (
				A771BD352B1F876C00356C23 /* ContentView.swift in Sources */,
				A71675AB2B1FC6430067399D /* LocalService.swift in Sources */,
				A71675AD2B1FCBD10067399D /* NerworkService.swift in Sources */,
				A71675A32B1FC0D70067399D /* UserListViewModel.swift in Sources */,
				A716759B2B1FBBA60067399D /* UserModel.swift in Sources */,
				A716759E2B1FBBB90067399D /* Webservice.swift in Sources */,
				A71675A62B1FC2010067399D /* Constants.swift in Sources */,
				A71675A12B1FC0410067399D /* UserViewModel.swift in Sources */,
				A771BD332B1F876C00356C23 /* INSApp.swift in Sources */,
			);
			runOnlyForDeploymentPostprocessing = 0;
		};
/* End PBXSourcesBuildPhase section */

/* Begin XCBuildConfiguration section */
		A771BD3B2B1F876D00356C23 /* Debug */ = {
			isa = XCBuildConfiguration;
			buildSettings = {
				ALWAYS_SEARCH_USER_PATHS = NO;
				CLANG_ANALYZER_NONNULL = YES;
				CLANG_ANALYZER_NUMBER_OBJECT_CONVERSION = YES_AGGRESSIVE;
				CLANG_CXX_LANGUAGE_STANDARD = "gnu++20";
				CLANG_ENABLE_MODULES = YES;
				CLANG_ENABLE_OBJC_ARC = YES;
				CLANG_ENABLE_OBJC_WEAK = YES;
				CLANG_WARN_BLOCK_CAPTURE_AUTORELEASING = YES;
				CLANG_WARN_BOOL_CONVERSION = YES;
				CLANG_WARN_COMMA = YES;
				CLANG_WARN_CONSTANT_CONVERSION = YES;
				CLANG_WARN_DEPRECATED_OBJC_IMPLEMENTATIONS = YES;
				CLANG_WARN_DIRECT_OBJC_ISA_USAGE = YES_ERROR;
				CLANG_WARN_DOCUMENTATION_COMMENTS = YES;
				CLANG_WARN_EMPTY_BODY = YES;
				CLANG_WARN_ENUM_CONVERSION = YES;
				CLANG_WARN_INFINITE_RECURSION = YES;
				CLANG_WARN_INT_CONVERSION = YES;
				CLANG_WARN_NON_LITERAL_NULL_CONVERSION = YES;
				CLANG_WARN_OBJC_IMPLICIT_RETAIN_SELF = YES;
				CLANG_WARN_OBJC_LITERAL_CONVERSION = YES;
				CLANG_WARN_OBJC_ROOT_CLASS = YES_ERROR;
				CLANG_WARN_QUOTED_INCLUDE_IN_FRAMEWORK_HEADER = YES;
				CLANG_WARN_RANGE_LOOP_ANALYSIS = YES;
				CLANG_WARN_STRICT_PROTOTYPES = YES;
				CLANG_WARN_SUSPICIOUS_MOVE = YES;
				CLANG_WARN_UNGUARDED_AVAILABILITY = YES_AGGRESSIVE;
				CLANG_WARN_UNREACHABLE_CODE = YES;
				CLANG_WARN__DUPLICATE_METHOD_MATCH = YES;
				COPY_PHASE_STRIP = NO;
				DEBUG_INFORMATION_FORMAT = dwarf;
				ENABLE_STRICT_OBJC_MSGSEND = YES;
				ENABLE_TESTABILITY = YES;
				GCC_C_LANGUAGE_STANDARD = gnu11;
				GCC_DYNAMIC_NO_PIC = NO;
				GCC_NO_COMMON_BLOCKS = YES;
				GCC_OPTIMIZATION_LEVEL = 0;
				GCC_PREPROCESSOR_DEFINITIONS = (
					"DEBUG=1",
					"$(inherited)",
				);
				GCC_WARN_64_TO_32_BIT_CONVERSION = YES;
				GCC_WARN_ABOUT_RETURN_TYPE = YES_ERROR;
				GCC_WARN_UNDECLARED_SELECTOR = YES;
				GCC_WARN_UNINITIALIZED_AUTOS = YES_AGGRESSIVE;
				GCC_WARN_UNUSED_FUNCTION = YES;
				GCC_WARN_UNUSED_VARIABLE = YES;
				IPHONEOS_DEPLOYMENT_TARGET = 16.4;
				MTL_ENABLE_DEBUG_INFO = INCLUDE_SOURCE;
				MTL_FAST_MATH = YES;
				ONLY_ACTIVE_ARCH = YES;
				SDKROOT = iphoneos;
				SWIFT_ACTIVE_COMPILATION_CONDITIONS = DEBUG;
				SWIFT_OPTIMIZATION_LEVEL = "-Onone";
			};
			name = Debug;
		};
		A771BD3C2B1F876D00356C23 /* Release */ = {
			isa = XCBuildConfiguration;
			buildSettings = {
				ALWAYS_SEARCH_USER_PATHS = NO;
				CLANG_ANALYZER_NONNULL = YES;
				CLANG_ANALYZER_NUMBER_OBJECT_CONVERSION = YES_AGGRESSIVE;
				CLANG_CXX_LANGUAGE_STANDARD = "gnu++20";
				CLANG_ENABLE_MODULES = YES;
				CLANG_ENABLE_OBJC_ARC = YES;
				CLANG_ENABLE_OBJC_WEAK = YES;
				CLANG_WARN_BLOCK_CAPTURE_AUTORELEASING = YES;
				CLANG_WARN_BOOL_CONVERSION = YES;
				CLANG_WARN_COMMA = YES;
				CLANG_WARN_CONSTANT_CONVERSION = YES;
				CLANG_WARN_DEPRECATED_OBJC_IMPLEMENTATIONS = YES;
				CLANG_WARN_DIRECT_OBJC_ISA_USAGE = YES_ERROR;
				CLANG_WARN_DOCUMENTATION_COMMENTS = YES;
				CLANG_WARN_EMPTY_BODY = YES;
				CLANG_WARN_ENUM_CONVERSION = YES;
				CLANG_WARN_INFINITE_RECURSION = YES;
				CLANG_WARN_INT_CONVERSION = YES;
				CLANG_WARN_NON_LITERAL_NULL_CONVERSION = YES;
				CLANG_WARN_OBJC_IMPLICIT_RETAIN_SELF = YES;
				CLANG_WARN_OBJC_LITERAL_CONVERSION = YES;
				CLANG_WARN_OBJC_ROOT_CLASS = YES_ERROR;
				CLANG_WARN_QUOTED_INCLUDE_IN_FRAMEWORK_HEADER = YES;
				CLANG_WARN_RANGE_LOOP_ANALYSIS = YES;
				CLANG_WARN_STRICT_PROTOTYPES = YES;
				CLANG_WARN_SUSPICIOUS_MOVE = YES;
				CLANG_WARN_UNGUARDED_AVAILABILITY = YES_AGGRESSIVE;
				CLANG_WARN_UNREACHABLE_CODE = YES;
				CLANG_WARN__DUPLICATE_METHOD_MATCH = YES;
				COPY_PHASE_STRIP = NO;
				DEBUG_INFORMATION_FORMAT = "dwarf-with-dsym";
				ENABLE_NS_ASSERTIONS = NO;
				ENABLE_STRICT_OBJC_MSGSEND = YES;
				GCC_C_LANGUAGE_STANDARD = gnu11;
				GCC_NO_COMMON_BLOCKS = YES;
				GCC_WARN_64_TO_32_BIT_CONVERSION = YES;
				GCC_WARN_ABOUT_RETURN_TYPE = YES_ERROR;
				GCC_WARN_UNDECLARED_SELECTOR = YES;
				GCC_WARN_UNINITIALIZED_AUTOS = YES_AGGRESSIVE;
				GCC_WARN_UNUSED_FUNCTION = YES;
				GCC_WARN_UNUSED_VARIABLE = YES;
				IPHONEOS_DEPLOYMENT_TARGET = 16.4;
				MTL_ENABLE_DEBUG_INFO = NO;
				MTL_FAST_MATH = YES;
				SDKROOT = iphoneos;
				SWIFT_COMPILATION_MODE = wholemodule;
				SWIFT_OPTIMIZATION_LEVEL = "-O";
				VALIDATE_PRODUCT = YES;
			};
			name = Release;
		};
		A771BD3E2B1F876D00356C23 /* Debug */ = {
			isa = XCBuildConfiguration;
			buildSettings = {
				ASSETCATALOG_COMPILER_APPICON_NAME = AppIcon;
				ASSETCATALOG_COMPILER_GLOBAL_ACCENT_COLOR_NAME = AccentColor;
				CODE_SIGN_STYLE = Automatic;
				CURRENT_PROJECT_VERSION = 1;
				DEVELOPMENT_ASSET_PATHS = "\"INS/Preview Content\"";
				DEVELOPMENT_TEAM = 9UGZTB7VYP;
				ENABLE_PREVIEWS = YES;
				GENERATE_INFOPLIST_FILE = YES;
				INFOPLIST_KEY_UIApplicationSceneManifest_Generation = YES;
				INFOPLIST_KEY_UIApplicationSupportsIndirectInputEvents = YES;
				INFOPLIST_KEY_UILaunchScreen_Generation = YES;
				INFOPLIST_KEY_UISupportedInterfaceOrientations_iPad = "UIInterfaceOrientationPortrait UIInterfaceOrientationPortraitUpsideDown UIInterfaceOrientationLandscapeLeft UIInterfaceOrientationLandscapeRight";
				INFOPLIST_KEY_UISupportedInterfaceOrientations_iPhone = "UIInterfaceOrientationPortrait UIInterfaceOrientationLandscapeLeft UIInterfaceOrientationLandscapeRight";
				LD_RUNPATH_SEARCH_PATHS = (
					"$(inherited)",
					"@executable_path/Frameworks",
				);
				MARKETING_VERSION = 1.0;
				PRODUCT_BUNDLE_IDENTIFIER = aibekigizbayev.INS;
				PRODUCT_NAME = "$(TARGET_NAME)";
				SWIFT_EMIT_LOC_STRINGS = YES;
				SWIFT_VERSION = 5.0;
				TARGETED_DEVICE_FAMILY = "1,2";
			};
			name = Debug;
		};
		A771BD3F2B1F876D00356C23 /* Release */ = {
			isa = XCBuildConfiguration;
			buildSettings = {
				ASSETCATALOG_COMPILER_APPICON_NAME = AppIcon;
				ASSETCATALOG_COMPILER_GLOBAL_ACCENT_COLOR_NAME = AccentColor;
				CODE_SIGN_STYLE = Automatic;
				CURRENT_PROJECT_VERSION = 1;
				DEVELOPMENT_ASSET_PATHS = "\"INS/Preview Content\"";
				DEVELOPMENT_TEAM = 9UGZTB7VYP;
				ENABLE_PREVIEWS = YES;
				GENERATE_INFOPLIST_FILE = YES;
				INFOPLIST_KEY_UIApplicationSceneManifest_Generation = YES;
				INFOPLIST_KEY_UIApplicationSupportsIndirectInputEvents = YES;
				INFOPLIST_KEY_UILaunchScreen_Generation = YES;
				INFOPLIST_KEY_UISupportedInterfaceOrientations_iPad = "UIInterfaceOrientationPortrait UIInterfaceOrientationPortraitUpsideDown UIInterfaceOrientationLandscapeLeft UIInterfaceOrientationLandscapeRight";
				INFOPLIST_KEY_UISupportedInterfaceOrientations_iPhone = "UIInterfaceOrientationPortrait UIInterfaceOrientationLandscapeLeft UIInterfaceOrientationLandscapeRight";
				LD_RUNPATH_SEARCH_PATHS = (
					"$(inherited)",
					"@executable_path/Frameworks",
				);
				MARKETING_VERSION = 1.0;
				PRODUCT_BUNDLE_IDENTIFIER = aibekigizbayev.INS;
				PRODUCT_NAME = "$(TARGET_NAME)";
				SWIFT_EMIT_LOC_STRINGS = YES;
				SWIFT_VERSION = 5.0;
				TARGETED_DEVICE_FAMILY = "1,2";
			};
			name = Release;
		};
/* End XCBuildConfiguration section */

/* Begin XCConfigurationList section */
		A771BD2A2B1F876C00356C23 /* Build configuration list for PBXProject "INS" */ = {
			isa = XCConfigurationList;
			buildConfigurations = (
				A771BD3B2B1F876D00356C23 /* Debug */,
				A771BD3C2B1F876D00356C23 /* Release */,
			);
			defaultConfigurationIsVisible = 0;
			defaultConfigurationName = Release;
		};
		A771BD3D2B1F876D00356C23 /* Build configuration list for PBXNativeTarget "INS" */ = {
			isa = XCConfigurationList;
			buildConfigurations = (
				A771BD3E2B1F876D00356C23 /* Debug */,
				A771BD3F2B1F876D00356C23 /* Release */,
			);
			defaultConfigurationIsVisible = 0;
			defaultConfigurationName = Release;
		};
/* End XCConfigurationList section */
	};
	rootObject = A771BD272B1F876C00356C23 /* Project object */;
}
